[[package]]
name = "atomicwrites"
version = "1.2.0"
description = "Atomic file writes."
category = "dev"
optional = false
python-versions = ">=2.7, !=3.0.*, !=3.1.*, !=3.2.*, !=3.3.*"

[[package]]
name = "attrs"
version = "18.1.0"
description = "Classes Without Boilerplate"
category = "dev"
optional = false
python-versions = "*"

[package.extras]
dev = ["coverage", "hypothesis", "pympler", "pytest", "six", "zope.interface", "sphinx", "zope.interface"]
docs = ["sphinx", "zope.interface"]
tests = ["coverage", "hypothesis", "pympler", "pytest", "six", "zope.interface"]

[[package]]
name = "better-exceptions"
version = "0.2.1"
description = "Pretty and helpful exceptions, automatically"
category = "dev"
optional = false
python-versions = "*"

[package.dependencies]
colorama = {version = "*", markers = "sys_platform == \"win32\""}

[[package]]
name = "cfgv"
version = "3.3.1"
description = "Validate configuration and produce human readable error messages."
category = "dev"
optional = false
python-versions = ">=3.6.1"

[[package]]
name = "click"
version = "6.7"
description = "A simple wrapper around optparse for powerful command line utilities."
category = "main"
optional = false
python-versions = "*"

[[package]]
name = "colorama"
version = "0.3.9"
description = "Cross-platform colored terminal text."
category = "dev"
optional = false
python-versions = "*"

[[package]]
name = "coverage"
version = "4.5.1"
description = "Code coverage measurement for Python"
category = "dev"
optional = false
python-versions = ">=2.6, !=3.0.*, !=3.1.*, !=3.2.*, <4"

[[package]]
name = "cursebox-lib"
version = "1.0.2"
description = "Curses made simple"
category = "main"
optional = false
python-versions = "*"

[package.dependencies]
six = "*"

[package.extras]
test = ["pytest"]

[[package]]
name = "distlib"
version = "0.3.4"
description = "Distribution utilities"
category = "dev"
optional = false
python-versions = "*"

[[package]]
name = "docopt"
version = "0.6.2"
description = "Pythonic argument parser, that will make you smile"
category = "main"
optional = false
python-versions = "*"

[[package]]
name = "filelock"
version = "3.6.0"
description = "A platform independent file lock."
category = "dev"
optional = false
python-versions = ">=3.7"

[package.extras]
docs = ["furo (>=2021.8.17b43)", "sphinx (>=4.1)", "sphinx-autodoc-typehints (>=1.12)"]
testing = ["covdefaults (>=1.2.0)", "coverage (>=4)", "pytest (>=4)", "pytest-cov", "pytest-timeout (>=1.4.2)"]

[[package]]
name = "flake8"
version = "3.5.0"
description = "the modular source code checker: pep8, pyflakes and co"
category = "dev"
optional = false
python-versions = "*"

[package.dependencies]
mccabe = ">=0.6.0,<0.7.0"
pycodestyle = ">=2.0.0,<2.4.0"
pyflakes = ">=1.5.0,<1.7.0"

[[package]]
name = "identify"
version = "2.5.0"
description = "File identification library for Python"
category = "dev"
optional = false
python-versions = ">=3.7"

[package.extras]
license = ["ukkonen"]

[[package]]
name = "importlib-metadata"
version = "4.11.3"
description = "Read metadata from Python packages"
category = "dev"
optional = false
python-versions = ">=3.7"

[package.dependencies]
typing-extensions = {version = ">=3.6.4", markers = "python_version < \"3.8\""}
zipp = ">=0.5"

[package.extras]
docs = ["sphinx", "jaraco.packaging (>=9)", "rst.linker (>=1.9)"]
perf = ["ipython"]
testing = ["pytest (>=6)", "pytest-checkdocs (>=2.4)", "pytest-flake8", "pytest-cov", "pytest-enabler (>=1.0.1)", "packaging", "pyfakefs", "flufl.flake8", "pytest-perf (>=0.9.2)", "pytest-black (>=0.3.7)", "pytest-mypy (>=0.9.1)", "importlib-resources (>=1.3)"]

[[package]]
name = "jedi"
version = "0.12.1"
description = "An autocompletion tool for Python that can be used for text editors."
category = "main"
optional = false
python-versions = ">=2.7, !=3.0.*, !=3.1.*, !=3.2.*"

[package.dependencies]
parso = ">=0.3.0"

[package.extras]
dev = ["docopt"]

[[package]]
name = "jinja2"
version = "2.10"
description = "A small but fast and easy to use stand-alone template engine written in pure python."
category = "main"
optional = false
python-versions = "*"

[package.dependencies]
MarkupSafe = ">=0.23"

[package.extras]
i18n = ["Babel (>=0.8)"]

[[package]]
name = "markupsafe"
version = "1.0"
description = "Implements a XML/HTML/XHTML Markup safe string for Python"
category = "main"
optional = false
python-versions = "*"

[[package]]
name = "mccabe"
version = "0.6.1"
description = "McCabe checker, plugin for flake8"
category = "dev"
optional = false
python-versions = "*"

[[package]]
name = "more-itertools"
version = "4.3.0"
description = "More routines for operating on iterables, beyond itertools"
category = "dev"
optional = false
python-versions = "*"

[package.dependencies]
six = ">=1.0.0,<2.0.0"

[[package]]
name = "mypy"
version = "0.620"
description = "Optional static typing for Python"
category = "dev"
optional = false
python-versions = "*"

[package.dependencies]
typed-ast = ">=1.1.0,<1.2.0"

[package.extras]
dmypy = ["psutil (>=5.4.0,<5.5.0)"]

[[package]]
name = "nodeenv"
version = "1.6.0"
description = "Node.js virtual environment builder"
category = "dev"
optional = false
python-versions = "*"

[[package]]
name = "parso"
version = "0.3.1"
description = "A Python Parser"
category = "main"
optional = false
python-versions = "*"

[[package]]
name = "pillow"
version = "5.2.0"
description = "Python Imaging Library (Fork)"
category = "main"
optional = false
python-versions = ">=2.7, !=3.0.*, !=3.1.*, !=3.2.*, !=3.3.*"

[[package]]
name = "platformdirs"
version = "2.5.2"
description = "A small Python module for determining appropriate platform-specific dirs, e.g. a \"user data dir\"."
category = "dev"
optional = false
python-versions = ">=3.7"

[package.extras]
docs = ["furo (>=2021.7.5b38)", "proselint (>=0.10.2)", "sphinx-autodoc-typehints (>=1.12)", "sphinx (>=4)"]
test = ["appdirs (==1.4.4)", "pytest-cov (>=2.7)", "pytest-mock (>=3.6)", "pytest (>=6)"]

[[package]]
name = "pluggy"
version = "0.7.1"
description = "plugin and hook calling mechanisms for python"
category = "dev"
optional = false
python-versions = ">=2.7, !=3.0.*, !=3.1.*, !=3.2.*, !=3.3.*"

[[package]]
name = "pre-commit"
version = "2.19.0"
description = "A framework for managing and maintaining multi-language pre-commit hooks."
category = "dev"
optional = false
python-versions = ">=3.7"

[package.dependencies]
cfgv = ">=2.0.0"
identify = ">=1.0.0"
importlib-metadata = {version = "*", markers = "python_version < \"3.8\""}
nodeenv = ">=0.11.1"
pyyaml = ">=5.1"
toml = "*"
virtualenv = ">=20.0.8"

[[package]]
name = "prompt-toolkit"
version = "1.0.15"
description = "Library for building powerful interactive command lines in Python"
category = "main"
optional = false
python-versions = "*"

[package.dependencies]
six = ">=1.9.0"
wcwidth = "*"

[[package]]
name = "ptpython"
version = "0.41"
description = "Python REPL build on top of prompt_toolkit"
category = "main"
optional = false
python-versions = "*"

[package.dependencies]
docopt = "*"
jedi = ">=0.9.0"
prompt-toolkit = ">=1.0.14,<2.0.0"
pygments = "*"

[package.extras]
ptipython = ["ipython"]

[[package]]
name = "py"
version = "1.6.0"
description = "library with cross-python path, ini-parsing, io, code, log facilities"
category = "dev"
optional = false
python-versions = ">=2.7, !=3.0.*, !=3.1.*, !=3.2.*, !=3.3.*"

[[package]]
name = "pycodestyle"
version = "2.3.1"
description = "Python style guide checker"
category = "dev"
optional = false
python-versions = "*"

[[package]]
name = "pyflakes"
version = "1.6.0"
description = "passive checker of Python programs"
category = "dev"
optional = false
python-versions = "*"

[[package]]
name = "pygments"
version = "2.2.0"
description = "Pygments is a syntax highlighting package written in Python."
category = "main"
optional = false
python-versions = "*"

[[package]]
name = "pypandoc"
version = "1.4"
description = "Thin wrapper for pandoc."
category = "main"
optional = false
python-versions = "*"

[[package]]
name = "pyphen"
version = "0.9.5"
description = "Pure Python module to hyphenate text"
category = "main"
optional = false
python-versions = "*"

[[package]]
name = "pytest"
version = "3.7.4"
description = "pytest: simple powerful testing with Python"
category = "dev"
optional = false
python-versions = ">=2.7, !=3.0.*, !=3.1.*, !=3.2.*, !=3.3.*"

[package.dependencies]
atomicwrites = ">=1.0"
attrs = ">=17.4.0"
colorama = {version = "*", markers = "sys_platform == \"win32\""}
more-itertools = ">=4.0.0"
pluggy = ">=0.7"
py = ">=1.5.0"
six = ">=1.10.0"

[[package]]
name = "pytest-cov"
version = "2.5.1"
description = "Pytest plugin for measuring coverage."
category = "dev"
optional = false
python-versions = "*"

[package.dependencies]
coverage = ">=3.7.1"
pytest = ">=2.6.0"

[[package]]
name = "pyyaml"
version = "6.0"
description = "YAML parser and emitter for Python"
category = "dev"
optional = false
python-versions = ">=3.6"

[[package]]
name = "six"
version = "1.11.0"
description = "Python 2 and 3 compatibility utilities"
category = "main"
optional = false
python-versions = "*"

[[package]]
name = "toml"
version = "0.10.2"
description = "Python Library for Tom's Obvious, Minimal Language"
category = "dev"
optional = false
python-versions = ">=2.6, !=3.0.*, !=3.1.*, !=3.2.*"

[[package]]
name = "typed-ast"
version = "1.1.0"
description = "a fork of Python 2 and 3 ast modules with type comment support"
category = "dev"
optional = false
python-versions = "*"

[[package]]
name = "typing-extensions"
version = "4.2.0"
description = "Backported and Experimental Type Hints for Python 3.7+"
category = "dev"
optional = false
python-versions = ">=3.7"

[[package]]
name = "virtualenv"
version = "20.14.1"
description = "Virtual Python Environment builder"
category = "dev"
optional = false
python-versions = "!=3.0.*,!=3.1.*,!=3.2.*,!=3.3.*,!=3.4.*,>=2.7"

[package.dependencies]
distlib = ">=0.3.1,<1"
filelock = ">=3.2,<4"
importlib-metadata = {version = ">=0.12", markers = "python_version < \"3.8\""}
platformdirs = ">=2,<3"
six = ">=1.9.0,<2"

[package.extras]
docs = ["proselint (>=0.10.2)", "sphinx (>=3)", "sphinx-argparse (>=0.2.5)", "sphinx-rtd-theme (>=0.4.3)", "towncrier (>=21.3)"]
testing = ["coverage (>=4)", "coverage-enable-subprocess (>=1)", "flaky (>=3)", "pytest (>=4)", "pytest-env (>=0.6.2)", "pytest-freezegun (>=0.4.1)", "pytest-mock (>=2)", "pytest-randomly (>=1)", "pytest-timeout (>=1)", "packaging (>=20.0)"]

[[package]]
name = "wcwidth"
version = "0.1.7"
description = "Measures number of Terminal column cells of wide-character codes"
category = "main"
optional = false
python-versions = "*"

[[package]]
name = "zipp"
version = "3.8.0"
description = "Backport of pathlib-compatible object wrapper for zip files"
category = "dev"
optional = false
python-versions = ">=3.7"

[package.extras]
docs = ["sphinx", "jaraco.packaging (>=9)", "rst.linker (>=1.9)"]
testing = ["pytest (>=6)", "pytest-checkdocs (>=2.4)", "pytest-flake8", "pytest-cov", "pytest-enabler (>=1.0.1)", "jaraco.itertools", "func-timeout", "pytest-black (>=0.3.7)", "pytest-mypy (>=0.9.1)"]

[metadata]
lock-version = "1.1"
python-versions = "^3.7"
content-hash = "c907400a37626c0cd7cff7d638ad8fa55d29f5033eed5ac450abf687846281ac"

[metadata.files]
atomicwrites = [
    {file = "atomicwrites-1.2.0-py2.py3-none-any.whl", hash = "sha256:6b5282987b21cd79151f51caccead7a09d0a32e89c568bd9e3c4aaa7bbdf3f3a"},
    {file = "atomicwrites-1.2.0.tar.gz", hash = "sha256:e16334d50fe0f90919ef7339c24b9b62e6abaa78cd2d226f3d94eb067eb89043"},
]
attrs = [
    {file = "attrs-18.1.0-py2.py3-none-any.whl", hash = "sha256:4b90b09eeeb9b88c35bc642cbac057e45a5fd85367b985bd2809c62b7b939265"},
    {file = "attrs-18.1.0.tar.gz", hash = "sha256:e0d0eb91441a3b53dab4d9b743eafc1ac44476296a2053b6ca3af0b139faf87b"},
]
better-exceptions = [
    {file = "better_exceptions-0.2.1.tar.gz", hash = "sha256:0a73efef96b48f867ea980227ac3b00d36a92754e6d316ad2ee472f136014580"},
]
cfgv = [
    {file = "cfgv-3.3.1-py2.py3-none-any.whl", hash = "sha256:c6a0883f3917a037485059700b9e75da2464e6c27051014ad85ba6aaa5884426"},
    {file = "cfgv-3.3.1.tar.gz", hash = "sha256:f5a830efb9ce7a445376bb66ec94c638a9787422f96264c98edc6bdeed8ab736"},
]
click = [
    {file = "click-6.7-py2.py3-none-any.whl", hash = "sha256:29f99fc6125fbc931b758dc053b3114e55c77a6e4c6c3a2674a2dc986016381d"},
    {file = "click-6.7.tar.gz", hash = "sha256:f15516df478d5a56180fbf80e68f206010e6d160fc39fa508b65e035fd75130b"},
]
colorama = [
    {file = "colorama-0.3.9-py2.py3-none-any.whl", hash = "sha256:463f8483208e921368c9f306094eb6f725c6ca42b0f97e313cb5d5512459feda"},
    {file = "colorama-0.3.9.tar.gz", hash = "sha256:48eb22f4f8461b1df5734a074b57042430fb06e1d61bd1e11b078c0fe6d7a1f1"},
]
coverage = [
    {file = "coverage-4.5.1-cp26-cp26m-macosx_10_10_x86_64.whl", hash = "sha256:7608a3dd5d73cb06c531b8925e0ef8d3de31fed2544a7de6c63960a1e73ea4bc"},
    {file = "coverage-4.5.1-cp27-cp27m-macosx_10_12_intel.whl", hash = "sha256:3a2184c6d797a125dca8367878d3b9a178b6fdd05fdc2d35d758c3006a1cd694"},
    {file = "coverage-4.5.1-cp27-cp27m-macosx_10_12_x86_64.whl", hash = "sha256:f3f501f345f24383c0000395b26b726e46758b71393267aeae0bd36f8b3ade80"},
    {file = "coverage-4.5.1-cp27-cp27m-manylinux1_i686.whl", hash = "sha256:0b136648de27201056c1869a6c0d4e23f464750fd9a9ba9750b8336a244429ed"},
    {file = "coverage-4.5.1-cp27-cp27m-manylinux1_x86_64.whl", hash = "sha256:337ded681dd2ef9ca04ef5d93cfc87e52e09db2594c296b4a0a3662cb1b41249"},
    {file = "coverage-4.5.1-cp27-cp27m-win32.whl", hash = "sha256:69bf008a06b76619d3c3f3b1983f5145c75a305a0fea513aca094cae5c40a8f5"},
    {file = "coverage-4.5.1-cp27-cp27m-win_amd64.whl", hash = "sha256:2eb564bbf7816a9d68dd3369a510be3327f1c618d2357fa6b1216994c2e3d508"},
    {file = "coverage-4.5.1-cp27-cp27mu-manylinux1_i686.whl", hash = "sha256:3eb42bf89a6be7deb64116dd1cc4b08171734d721e7a7e57ad64cc4ef29ed2f1"},
    {file = "coverage-4.5.1-cp27-cp27mu-manylinux1_x86_64.whl", hash = "sha256:be6cfcd8053d13f5f5eeb284aa8a814220c3da1b0078fa859011c7fffd86dab9"},
    {file = "coverage-4.5.1-cp33-cp33m-macosx_10_10_x86_64.whl", hash = "sha256:9d6dd10d49e01571bf6e147d3b505141ffc093a06756c60b053a859cb2128b1f"},
    {file = "coverage-4.5.1-cp33-cp33m-manylinux1_i686.whl", hash = "sha256:701cd6093d63e6b8ad7009d8a92425428bc4d6e7ab8d75efbb665c806c1d79ba"},
    {file = "coverage-4.5.1-cp33-cp33m-manylinux1_x86_64.whl", hash = "sha256:5a13ea7911ff5e1796b6d5e4fbbf6952381a611209b736d48e675c2756f3f74e"},
    {file = "coverage-4.5.1-cp34-cp34m-macosx_10_12_x86_64.whl", hash = "sha256:c1bb572fab8208c400adaf06a8133ac0712179a334c09224fb11393e920abcdd"},
    {file = "coverage-4.5.1-cp34-cp34m-manylinux1_i686.whl", hash = "sha256:03481e81d558d30d230bc12999e3edffe392d244349a90f4ef9b88425fac74ba"},
    {file = "coverage-4.5.1-cp34-cp34m-manylinux1_x86_64.whl", hash = "sha256:28b2191e7283f4f3568962e373b47ef7f0392993bb6660d079c62bd50fe9d162"},
    {file = "coverage-4.5.1-cp34-cp34m-win32.whl", hash = "sha256:de4418dadaa1c01d497e539210cb6baa015965526ff5afc078c57ca69160108d"},
    {file = "coverage-4.5.1-cp34-cp34m-win_amd64.whl", hash = "sha256:8c3cb8c35ec4d9506979b4cf90ee9918bc2e49f84189d9bf5c36c0c1119c6558"},
    {file = "coverage-4.5.1-cp35-cp35m-macosx_10_12_x86_64.whl", hash = "sha256:7e1fe19bd6dce69d9fd159d8e4a80a8f52101380d5d3a4d374b6d3eae0e5de9c"},
    {file = "coverage-4.5.1-cp35-cp35m-manylinux1_i686.whl", hash = "sha256:6bc583dc18d5979dc0f6cec26a8603129de0304d5ae1f17e57a12834e7235062"},
    {file = "coverage-4.5.1-cp35-cp35m-manylinux1_x86_64.whl", hash = "sha256:198626739a79b09fa0a2f06e083ffd12eb55449b5f8bfdbeed1df4910b2ca640"},
    {file = "coverage-4.5.1-cp35-cp35m-win32.whl", hash = "sha256:7aa36d2b844a3e4a4b356708d79fd2c260281a7390d678a10b91ca595ddc9e99"},
    {file = "coverage-4.5.1-cp35-cp35m-win_amd64.whl", hash = "sha256:3d72c20bd105022d29b14a7d628462ebdc61de2f303322c0212a054352f3b287"},
    {file = "coverage-4.5.1-cp36-cp36m-macosx_10_12_x86_64.whl", hash = "sha256:4635a184d0bbe537aa185a34193898eee409332a8ccb27eea36f262566585000"},
    {file = "coverage-4.5.1-cp36-cp36m-manylinux1_i686.whl", hash = "sha256:e05cb4d9aad6233d67e0541caa7e511fa4047ed7750ec2510d466e806e0255d6"},
    {file = "coverage-4.5.1-cp36-cp36m-manylinux1_x86_64.whl", hash = "sha256:76ecd006d1d8f739430ec50cc872889af1f9c1b6b8f48e29941814b09b0fd3cc"},
    {file = "coverage-4.5.1-cp36-cp36m-win32.whl", hash = "sha256:7d3f553904b0c5c016d1dad058a7554c7ac4c91a789fca496e7d8347ad040653"},
    {file = "coverage-4.5.1-cp36-cp36m-win_amd64.whl", hash = "sha256:3c79a6f7b95751cdebcd9037e4d06f8d5a9b60e4ed0cd231342aa8ad7124882a"},
    {file = "coverage-4.5.1-cp37-cp37m-macosx_10_13_x86_64.whl", hash = "sha256:23d341cdd4a0371820eb2b0bd6b88f5003a7438bbedb33688cd33b8eae59affd"},
    {file = "coverage-4.5.1-cp37-cp37m-manylinux1_i686.whl", hash = "sha256:10a46017fef60e16694a30627319f38a2b9b52e90182dddb6e37dcdab0f4bf95"},
    {file = "coverage-4.5.1-cp37-cp37m-manylinux1_x86_64.whl", hash = "sha256:2a5b73210bad5279ddb558d9a2bfedc7f4bf6ad7f3c988641d83c40293deaec1"},
    {file = "coverage-4.5.1-cp37-cp37m-win32.whl", hash = "sha256:0bf8cbbd71adfff0ef1f3a1531e6402d13b7b01ac50a79c97ca15f030dba6306"},
    {file = "coverage-4.5.1-cp37-cp37m-win_amd64.whl", hash = "sha256:f05a636b4564104120111800021a92e43397bc12a5c72fed7036be8556e0029e"},
    {file = "coverage-4.5.1.tar.gz", hash = "sha256:56e448f051a201c5ebbaa86a5efd0ca90d327204d8b059ab25ad0f35fbfd79f1"},
    {file = "coverage-4.5.1.win-amd64-py2.7.exe", hash = "sha256:9e112fcbe0148a6fa4f0a02e8d58e94470fc6cb82a5481618fea901699bf34c4"},
    {file = "coverage-4.5.1.win-amd64-py3.4.exe", hash = "sha256:15b111b6a0f46ee1a485414a52a7ad1d703bdf984e9ed3c288a4414d3871dcbd"},
    {file = "coverage-4.5.1.win-amd64-py3.5.exe", hash = "sha256:e4d96c07229f58cb686120f168276e434660e4358cc9cf3b0464210b04913e77"},
    {file = "coverage-4.5.1.win-amd64-py3.6.exe", hash = "sha256:f8a923a85cb099422ad5a2e345fe877bbc89a8a8b23235824a93488150e45f6e"},
    {file = "coverage-4.5.1.win32-py2.7.exe", hash = "sha256:ac4fef68da01116a5c117eba4dd46f2e06847a497de5ed1d64bb99a5fda1ef91"},
    {file = "coverage-4.5.1.win32-py3.4.exe", hash = "sha256:1c383d2ef13ade2acc636556fd544dba6e14fa30755f26812f54300e401f98f2"},
    {file = "coverage-4.5.1.win32-py3.5.exe", hash = "sha256:b8815995e050764c8610dbc82641807d196927c3dbed207f0a079833ffcf588d"},
    {file = "coverage-4.5.1.win32-py3.6.exe", hash = "sha256:104ab3934abaf5be871a583541e8829d6c19ce7bde2923b2751e0d3ca44db60a"},
]
cursebox-lib = [
    {file = "cursebox-lib-1.0.2.tar.gz", hash = "sha256:49487bd785dbf9fb9da9de0b48aec1c351897bfb9592b7b346177a2c8b45037f"},
]
distlib = [
    {file = "distlib-0.3.4-py2.py3-none-any.whl", hash = "sha256:6564fe0a8f51e734df6333d08b8b94d4ea8ee6b99b5ed50613f731fd4089f34b"},
    {file = "distlib-0.3.4.zip", hash = "sha256:e4b58818180336dc9c529bfb9a0b58728ffc09ad92027a3f30b7cd91e3458579"},
]
docopt = [
    {file = "docopt-0.6.2.tar.gz", hash = "sha256:49b3a825280bd66b3aa83585ef59c4a8c82f2c8a522dbe754a8bc8d08c85c491"},
]
filelock = [
    {file = "filelock-3.6.0-py3-none-any.whl", hash = "sha256:f8314284bfffbdcfa0ff3d7992b023d4c628ced6feb957351d4c48d059f56bc0"},
    {file = "filelock-3.6.0.tar.gz", hash = "sha256:9cd540a9352e432c7246a48fe4e8712b10acb1df2ad1f30e8c070b82ae1fed85"},
]
flake8 = [
    {file = "flake8-3.5.0-py2.py3-none-any.whl", hash = "sha256:c7841163e2b576d435799169b78703ad6ac1bbb0f199994fc05f700b2a90ea37"},
    {file = "flake8-3.5.0.tar.gz", hash = "sha256:7253265f7abd8b313e3892944044a365e3f4ac3fcdcfb4298f55ee9ddf188ba0"},
]
identify = [
    {file = "identify-2.5.0-py2.py3-none-any.whl", hash = "sha256:3acfe15a96e4272b4ec5662ee3e231ceba976ef63fd9980ed2ce9cc415df393f"},
    {file = "identify-2.5.0.tar.gz", hash = "sha256:c83af514ea50bf2be2c4a3f2fb349442b59dc87284558ae9ff54191bff3541d2"},
]
importlib-metadata = [
    {file = "importlib_metadata-4.11.3-py3-none-any.whl", hash = "sha256:1208431ca90a8cca1a6b8af391bb53c1a2db74e5d1cef6ddced95d4b2062edc6"},
    {file = "importlib_metadata-4.11.3.tar.gz", hash = "sha256:ea4c597ebf37142f827b8f39299579e31685c31d3a438b59f469406afd0f2539"},
]
jedi = [
    {file = "jedi-0.12.1-py2.py3-none-any.whl", hash = "sha256:c254b135fb39ad76e78d4d8f92765ebc9bf92cbc76f49e97ade1d5f5121e1f6f"},
    {file = "jedi-0.12.1.tar.gz", hash = "sha256:b409ed0f6913a701ed474a614a3bb46e6953639033e31f769ca7581da5bd1ec1"},
]
jinja2 = [
    {file = "Jinja2-2.10-py2.py3-none-any.whl", hash = "sha256:74c935a1b8bb9a3947c50a54766a969d4846290e1e788ea44c1392163723c3bd"},
    {file = "Jinja2-2.10.tar.gz", hash = "sha256:f84be1bb0040caca4cea721fcbbbbd61f9be9464ca236387158b0feea01914a4"},
]
markupsafe = [
    {file = "MarkupSafe-1.0.tar.gz", hash = "sha256:a6be69091dac236ea9c6bc7d012beab42010fa914c459791d627dad4910eb665"},
]
mccabe = [
    {file = "mccabe-0.6.1-py2.py3-none-any.whl", hash = "sha256:ab8a6258860da4b6677da4bd2fe5dc2c659cff31b3ee4f7f5d64e79735b80d42"},
    {file = "mccabe-0.6.1.tar.gz", hash = "sha256:dd8d182285a0fe56bace7f45b5e7d1a6ebcbf524e8f3bd87eb0f125271b8831f"},
]
more-itertools = [
    {file = "more-itertools-4.3.0.tar.gz", hash = "sha256:c476b5d3a34e12d40130bc2f935028b5f636df8f372dc2c1c01dc19681b2039e"},
    {file = "more_itertools-4.3.0-py2-none-any.whl", hash = "sha256:fcbfeaea0be121980e15bc97b3817b5202ca73d0eae185b4550cbfce2a3ebb3d"},
    {file = "more_itertools-4.3.0-py3-none-any.whl", hash = "sha256:c187a73da93e7a8acc0001572aebc7e3c69daf7bf6881a2cea10650bd4420092"},
]
mypy = [
    {file = "mypy-0.620-py3-none-any.whl", hash = "sha256:673ea75fb750289b7d1da1331c125dc62fc1c3a8db9129bb372ae7b7d5bf300a"},
    {file = "mypy-0.620.tar.gz", hash = "sha256:c770605a579fdd4a014e9f0a34b6c7a36ce69b08100ff728e96e27445cef3b3c"},
]
nodeenv = [
    {file = "nodeenv-1.6.0-py2.py3-none-any.whl", hash = "sha256:621e6b7076565ddcacd2db0294c0381e01fd28945ab36bcf00f41c5daf63bef7"},
    {file = "nodeenv-1.6.0.tar.gz", hash = "sha256:3ef13ff90291ba2a4a7a4ff9a979b63ffdd00a464dbe04acf0ea6471517a4c2b"},
]
parso = [
    {file = "parso-0.3.1-py2.py3-none-any.whl", hash = "sha256:895c63e93b94ac1e1690f5fdd40b65f07c8171e3e53cbd7793b5b96c0e0a7f24"},
    {file = "parso-0.3.1.tar.gz", hash = "sha256:35704a43a3c113cce4de228ddb39aab374b8004f4f2407d070b6a2ca784ce8a2"},
]
pillow = [
    {file = "Pillow-5.2.0-cp27-cp27m-macosx_10_6_intel.macosx_10_9_intel.macosx_10_9_x86_64.macosx_10_10_intel.macosx_10_10_x86_64.whl", hash = "sha256:4fda62030f2c515b6e2e673c57caa55cb04026a81968f3128aae10fc28e5cc27"},
    {file = "Pillow-5.2.0-cp27-cp27m-manylinux1_i686.whl", hash = "sha256:79258a8df3e309a54c7ef2ef4a59bb8e28f7e4a8992a3ad17c24b1889ced44f3"},
    {file = "Pillow-5.2.0-cp27-cp27m-manylinux1_x86_64.whl", hash = "sha256:5044d75a68b49ce36a813c82d8201384207112d5d81643937fc758c05302f05b"},
    {file = "Pillow-5.2.0-cp27-cp27m-win32.whl", hash = "sha256:f63e420180cbe22ff6e32558b612e75f50616fc111c5e095a4631946c782e109"},
    {file = "Pillow-5.2.0-cp27-cp27m-win_amd64.whl", hash = "sha256:03eb0e04f929c102ae24bc436bf1c0c60a4e63b07ebd388e84d8b219df3e6acd"},
    {file = "Pillow-5.2.0-cp27-cp27mu-manylinux1_i686.whl", hash = "sha256:3832e26ecbc9d8a500821e3a1d3765bda99d04ae29ffbb2efba49f5f788dc934"},
    {file = "Pillow-5.2.0-cp27-cp27mu-manylinux1_x86_64.whl", hash = "sha256:24adccf1e834f82718c7fc8e3ec1093738da95144b8b1e44c99d5fc7d3e9c554"},
    {file = "Pillow-5.2.0-cp34-cp34m-macosx_10_6_intel.macosx_10_9_intel.macosx_10_9_x86_64.macosx_10_10_intel.macosx_10_10_x86_64.whl", hash = "sha256:22cf3406d135cfcc13ec6228ade774c8461e125c940e80455f500638429be273"},
    {file = "Pillow-5.2.0-cp34-cp34m-manylinux1_i686.whl", hash = "sha256:026449b64e559226cdb8e6d8c931b5965d8fc90ec18ebbb0baa04c5b36503c72"},
    {file = "Pillow-5.2.0-cp34-cp34m-manylinux1_x86_64.whl", hash = "sha256:e2bed4a04e2ca1050bb5f00865cf2f83c0b92fd62454d9244f690fcd842e27a4"},
    {file = "Pillow-5.2.0-cp34-cp34m-win32.whl", hash = "sha256:4fd1f0c2dc02aaec729d91c92cd85a2df0289d88e9f68d1e8faba750bb9c4786"},
    {file = "Pillow-5.2.0-cp34-cp34m-win_amd64.whl", hash = "sha256:6661a7908d68c4a133e03dac8178287aa20a99f841ea90beeb98a233ae3fd710"},
    {file = "Pillow-5.2.0-cp35-cp35m-macosx_10_6_intel.macosx_10_9_intel.macosx_10_9_x86_64.macosx_10_10_intel.macosx_10_10_x86_64.whl", hash = "sha256:1e977a3ed998a599bda5021fb2c2889060617627d3ae228297a529a082a3cd5c"},
    {file = "Pillow-5.2.0-cp35-cp35m-manylinux1_i686.whl", hash = "sha256:7d74c20b8f1c3e99d3f781d3b8ff5abfefdd7363d61e23bdeba9992ff32cc4b4"},
    {file = "Pillow-5.2.0-cp35-cp35m-manylinux1_x86_64.whl", hash = "sha256:8194d913ca1f459377c8a4ed8f9b7ad750068b8e0e3f3f9c6963fcc87a84515f"},
    {file = "Pillow-5.2.0-cp35-cp35m-win32.whl", hash = "sha256:03dbb224ee196ef30ed2156d41b579143e1efeb422974719a5392fc035e4f574"},
    {file = "Pillow-5.2.0-cp35-cp35m-win_amd64.whl", hash = "sha256:00def5b638994f888d1058e4d17c86dec8e1113c3741a0a8a659039aec59a83a"},
    {file = "Pillow-5.2.0-cp36-cp36m-macosx_10_6_intel.macosx_10_9_intel.macosx_10_9_x86_64.macosx_10_10_intel.macosx_10_10_x86_64.whl", hash = "sha256:989981db57abffb52026b114c9a1f114c7142860a6d30a352d28f8cbf186500b"},
    {file = "Pillow-5.2.0-cp36-cp36m-manylinux1_i686.whl", hash = "sha256:e87a527c06319428007e8c30511e1f0ce035cb7f14bb4793b003ed532c3b9333"},
    {file = "Pillow-5.2.0-cp36-cp36m-manylinux1_x86_64.whl", hash = "sha256:5914cff11f3e920626da48e564be6818831713a3087586302444b9c70e8552d9"},
    {file = "Pillow-5.2.0-cp36-cp36m-win32.whl", hash = "sha256:1be66b9a89e367e7d20d6cae419794997921fe105090fafd86ef39e20a3baab2"},
    {file = "Pillow-5.2.0-cp36-cp36m-win_amd64.whl", hash = "sha256:c5dcb5a56aebb8a8f2585042b2f5c496d7624f0bcfe248f0cc33ceb2fd8d39e7"},
    {file = "Pillow-5.2.0-cp37-cp37m-macosx_10_6_intel.macosx_10_9_intel.macosx_10_9_x86_64.macosx_10_10_intel.macosx_10_10_x86_64.whl", hash = "sha256:a3d7511d3fad1618a82299aab71a5fceee5c015653a77ffea75ced9ef917e71a"},
    {file = "Pillow-5.2.0-cp37-cp37m-manylinux1_i686.whl", hash = "sha256:2a3e362c97a5e6a259ee9cd66553292a1f8928a5bdfa3622fdb1501570834612"},
    {file = "Pillow-5.2.0-cp37-cp37m-manylinux1_x86_64.whl", hash = "sha256:b3ef168d4d6fd4fa6685aef7c91400f59f7ab1c0da734541f7031699741fb23f"},
    {file = "Pillow-5.2.0-cp37-cp37m-win32.whl", hash = "sha256:522184556921512ec484cb93bd84e0bab915d0ac5a372d49571c241a7f73db62"},
    {file = "Pillow-5.2.0-cp37-cp37m-win_amd64.whl", hash = "sha256:81918afeafc16ba5d9d0d4e9445905f21aac969a4ebb6f2bff4b9886da100f4b"},
    {file = "Pillow-5.2.0-pp260-pypy_41-win32.whl", hash = "sha256:84d5d31200b11b3c76fab853b89ac898bf2d05c8b3da07c1fcc23feb06359d6e"},
    {file = "Pillow-5.2.0-pp360-pp360-win32.whl", hash = "sha256:c1c5792b6e74bbf2af0f8e892272c2a6c48efa895903211f11b8342e03129fea"},
    {file = "Pillow-5.2.0-py2.7-win-amd64.egg", hash = "sha256:091a0656688d85fd6e10f49a73fa3ab9b37dbfcb2151f5a3ab17f8b879f467ee"},
    {file = "Pillow-5.2.0-py2.7-win32.egg", hash = "sha256:452d159024faf37cc080537df308e8fa0026076eb38eb75185d96ed9642bd6d7"},
    {file = "Pillow-5.2.0-py3.4-win-amd64.egg", hash = "sha256:acb90eb6c7ed6526551a78211d84c81e33082a35642ff5fe57489abc14e6bf6e"},
    {file = "Pillow-5.2.0-py3.4-win32.egg", hash = "sha256:dcdc9cd9880027688007ff8f7c8e7ae6f24e81fae33bfd18d1e691e7bda4855f"},
    {file = "Pillow-5.2.0-py3.5-win-amd64.egg", hash = "sha256:d16f90810106822833a19bdb24c7cb766959acf791ca0edf5edfec674d55c8ee"},
    {file = "Pillow-5.2.0-py3.5-win32.egg", hash = "sha256:f8582e1ab155302ea9ef1235441a0214919f4f79c4c7c21833ce9eec58181781"},
    {file = "Pillow-5.2.0-py3.6-win-amd64.egg", hash = "sha256:791f07fe13937e65285f9ef30664ddf0e10a0230bdb236751fa0ca67725740dd"},
    {file = "Pillow-5.2.0-py3.6-win32.egg", hash = "sha256:ebcfc33a6c34984086451e230253bc33727bd17b4cdc4b39ec03032c3a6fc9e9"},
    {file = "Pillow-5.2.0-py3.7-win-amd64.egg", hash = "sha256:e2807aad4565d8de15391a9548f97818a14ef32624015c7bf3095171e314445e"},
    {file = "Pillow-5.2.0-py3.7-win32.egg", hash = "sha256:a4a6ac01b8c2f9d2d83719f193e6dea493e18445ce5bfd743d739174daa974d9"},
    {file = "Pillow-5.2.0.tar.gz", hash = "sha256:f8b3d413c5a8f84b12cd4c5df1d8e211777c9852c6be3ee9c094b626644d3eab"},
    {file = "Pillow-5.2.0.win-amd64-py2.7.exe", hash = "sha256:f7717eb360d40e7598c30cc44b33d98f79c468d9279379b66c1e28c568e0bf47"},
    {file = "Pillow-5.2.0.win-amd64-py3.4.exe", hash = "sha256:653d48fe46378f40e3c2b892be88d8440efbb2c9df78559da44c63ad5ecb4142"},
    {file = "Pillow-5.2.0.win-amd64-py3.5.exe", hash = "sha256:0f3e2d0a9966161b7dfd06d147f901d72c3a88ea1a833359b92193b8e1f68e1c"},
    {file = "Pillow-5.2.0.win-amd64-py3.6.exe", hash = "sha256:6735a7e560df6f0deb78246a6fe056cf2ae392ba2dc060ea8a6f2535aec924f1"},
    {file = "Pillow-5.2.0.win-amd64-py3.7.exe", hash = "sha256:6d26a475a19cb294225738f5c974b3a24599438a67a30ed2d25638f012668026"},
    {file = "Pillow-5.2.0.win32-py2.7.exe", hash = "sha256:087b0551ce2d19b3f092f2b5f071a065f7379e748867d070b29999cc83db15e3"},
    {file = "Pillow-5.2.0.win32-py3.4.exe", hash = "sha256:3709339f4619e8c9b00f53079e40b964f43c5af61fb89a923fe24437167298bb"},
    {file = "Pillow-5.2.0.win32-py3.5.exe", hash = "sha256:3518f9fc666cbc58a5c1f48a6a23e9e6ceef69665eab43cdad5144de9383e72c"},
    {file = "Pillow-5.2.0.win32-py3.6.exe", hash = "sha256:1c5e93c40d4ce8cb133d3b105a869be6fa767e703f6eb1003eb4b90583e08a59"},
    {file = "Pillow-5.2.0.win32-py3.7.exe", hash = "sha256:114398d0e073b93e1d7da5b5ab92ff4b83c0180625c8031911425e51f4365d2e"},
]
platformdirs = [
    {file = "platformdirs-2.5.2-py3-none-any.whl", hash = "sha256:027d8e83a2d7de06bbac4e5ef7e023c02b863d7ea5d079477e722bb41ab25788"},
    {file = "platformdirs-2.5.2.tar.gz", hash = "sha256:58c8abb07dcb441e6ee4b11d8df0ac856038f944ab98b7be6b27b2a3c7feef19"},
]
pluggy = [
    {file = "pluggy-0.7.1-py2.py3-none-any.whl", hash = "sha256:6e3836e39f4d36ae72840833db137f7b7d35105079aee6ec4a62d9f80d594dd1"},
    {file = "pluggy-0.7.1.tar.gz", hash = "sha256:95eb8364a4708392bae89035f45341871286a333f749c3141c20573d2b3876e1"},
]
pre-commit = [
    {file = "pre_commit-2.19.0-py2.py3-none-any.whl", hash = "sha256:10c62741aa5704faea2ad69cb550ca78082efe5697d6f04e5710c3c229afdd10"},
    {file = "pre_commit-2.19.0.tar.gz", hash = "sha256:4233a1e38621c87d9dda9808c6606d7e7ba0e087cd56d3fe03202a01d2919615"},
]
prompt-toolkit = [
    {file = "prompt_toolkit-1.0.15-py2-none-any.whl", hash = "sha256:3f473ae040ddaa52b52f97f6b4a493cfa9f5920c255a12dc56a7d34397a398a4"},
    {file = "prompt_toolkit-1.0.15-py3-none-any.whl", hash = "sha256:1df952620eccb399c53ebb359cc7d9a8d3a9538cb34c5a1344bdbeb29fbcc381"},
    {file = "prompt_toolkit-1.0.15.tar.gz", hash = "sha256:858588f1983ca497f1cf4ffde01d978a3ea02b01c8a26a8bbc5cd2e66d816917"},
]
ptpython = [
    {file = "ptpython-0.41-py2-none-any.whl", hash = "sha256:55d7cfad50a096f5922c4fdf8cea068a7ec9257418064b437c617ff2f120f81a"},
    {file = "ptpython-0.41-py3-none-any.whl", hash = "sha256:816da300f620fb88ba97c7962062c8c178d6693b1db19c184660156b1af91bdc"},
    {file = "ptpython-0.41.tar.gz", hash = "sha256:a78b27a85c5dbe9d89376e7f3aa70a9d8fa15cb45ee5f73a3cc3963b9b528ac1"},
]
py = [
    {file = "py-1.6.0-py2.py3-none-any.whl", hash = "sha256:50402e9d1c9005d759426988a492e0edaadb7f4e68bcddfea586bc7432d009c6"},
    {file = "py-1.6.0.tar.gz", hash = "sha256:06a30435d058473046be836d3fc4f27167fd84c45b99704f2fb5509ef61f9af1"},
]
pycodestyle = [
    {file = "pycodestyle-2.3.1-py2.py3-none-any.whl", hash = "sha256:6c4245ade1edfad79c3446fadfc96b0de2759662dc29d07d80a6f27ad1ca6ba9"},
    {file = "pycodestyle-2.3.1.tar.gz", hash = "sha256:682256a5b318149ca0d2a9185d365d8864a768a28db66a84a2ea946bcc426766"},
]
pyflakes = [
    {file = "pyflakes-1.6.0-py2.py3-none-any.whl", hash = "sha256:08bd6a50edf8cffa9fa09a463063c425ecaaf10d1eb0335a7e8b1401aef89e6f"},
    {file = "pyflakes-1.6.0.tar.gz", hash = "sha256:8d616a382f243dbf19b54743f280b80198be0bca3a5396f1d2e1fca6223e8805"},
]
pygments = [
    {file = "Pygments-2.2.0-py2.py3-none-any.whl", hash = "sha256:78f3f434bcc5d6ee09020f92ba487f95ba50f1e3ef83ae96b9d5ffa1bab25c5d"},
    {file = "Pygments-2.2.0.tar.gz", hash = "sha256:dbae1046def0efb574852fab9e90209b23f556367b5a320c0bcb871c77c3e8cc"},
]
pypandoc = [
    {file = "pypandoc-1.4.tar.gz", hash = "sha256:e914e6d5f84a76764887e4d909b09d63308725f0cbb5293872c2c92f07c11a5b"},
]
pyphen = [
    {file = "Pyphen-0.9.5-py2.py3-none-any.whl", hash = "sha256:e172faf10992c8c9d369bdc83e36dbcf1121f4ed0d881f1a0b521935aee583b5"},
    {file = "Pyphen-0.9.5.tar.gz", hash = "sha256:3b633a50873156d777e1f1075ba4d8e96a6ad0a3ca42aa3ea9a6259f93f18921"},
]
pytest = [
    {file = "pytest-3.7.4-py2.py3-none-any.whl", hash = "sha256:ad0c7db7b5d4081631e0155f5c61b80ad76ce148551aaafe3a718d65a7508b18"},
    {file = "pytest-3.7.4.tar.gz", hash = "sha256:2d7c49e931316cc7d1638a3e5f54f5d7b4e5225972b3c9838f3584788d27f349"},
]
pytest-cov = [
    {file = "pytest-cov-2.5.1.tar.gz", hash = "sha256:03aa752cf11db41d281ea1d807d954c4eda35cfa1b21d6971966cc041bbf6e2d"},
    {file = "pytest_cov-2.5.1-py2.py3-none-any.whl", hash = "sha256:890fe5565400902b0c78b5357004aab1c814115894f4f21370e2433256a3eeec"},
]
pyyaml = [
    {file = "PyYAML-6.0-cp310-cp310-macosx_10_9_x86_64.whl", hash = "sha256:d4db7c7aef085872ef65a8fd7d6d09a14ae91f691dec3e87ee5ee0539d516f53"},
    {file = "PyYAML-6.0-cp310-cp310-macosx_11_0_arm64.whl", hash = "sha256:9df7ed3b3d2e0ecfe09e14741b857df43adb5a3ddadc919a2d94fbdf78fea53c"},
    {file = "PyYAML-6.0-cp310-cp310-manylinux_2_17_aarch64.manylinux2014_aarch64.whl", hash = "sha256:77f396e6ef4c73fdc33a9157446466f1cff553d979bd00ecb64385760c6babdc"},
    {file = "PyYAML-6.0-cp310-cp310-manylinux_2_17_s390x.manylinux2014_s390x.whl", hash = "sha256:a80a78046a72361de73f8f395f1f1e49f956c6be882eed58505a15f3e430962b"},
    {file = "PyYAML-6.0-cp310-cp310-manylinux_2_5_x86_64.manylinux1_x86_64.manylinux_2_12_x86_64.manylinux2010_x86_64.whl", hash = "sha256:f84fbc98b019fef2ee9a1cb3ce93e3187a6df0b2538a651bfb890254ba9f90b5"},
    {file = "PyYAML-6.0-cp310-cp310-win32.whl", hash = "sha256:2cd5df3de48857ed0544b34e2d40e9fac445930039f3cfe4bcc592a1f836d513"},
    {file = "PyYAML-6.0-cp310-cp310-win_amd64.whl", hash = "sha256:daf496c58a8c52083df09b80c860005194014c3698698d1a57cbcfa182142a3a"},
    {file = "PyYAML-6.0-cp36-cp36m-macosx_10_9_x86_64.whl", hash = "sha256:897b80890765f037df3403d22bab41627ca8811ae55e9a722fd0392850ec4d86"},
    {file = "PyYAML-6.0-cp36-cp36m-manylinux_2_17_aarch64.manylinux2014_aarch64.whl", hash = "sha256:50602afada6d6cbfad699b0c7bb50d5ccffa7e46a3d738092afddc1f9758427f"},
    {file = "PyYAML-6.0-cp36-cp36m-manylinux_2_17_s390x.manylinux2014_s390x.whl", hash = "sha256:48c346915c114f5fdb3ead70312bd042a953a8ce5c7106d5bfb1a5254e47da92"},
    {file = "PyYAML-6.0-cp36-cp36m-manylinux_2_5_x86_64.manylinux1_x86_64.manylinux_2_12_x86_64.manylinux2010_x86_64.whl", hash = "sha256:98c4d36e99714e55cfbaaee6dd5badbc9a1ec339ebfc3b1f52e293aee6bb71a4"},
    {file = "PyYAML-6.0-cp36-cp36m-win32.whl", hash = "sha256:0283c35a6a9fbf047493e3a0ce8d79ef5030852c51e9d911a27badfde0605293"},
    {file = "PyYAML-6.0-cp36-cp36m-win_amd64.whl", hash = "sha256:07751360502caac1c067a8132d150cf3d61339af5691fe9e87803040dbc5db57"},
    {file = "PyYAML-6.0-cp37-cp37m-macosx_10_9_x86_64.whl", hash = "sha256:819b3830a1543db06c4d4b865e70ded25be52a2e0631ccd2f6a47a2822f2fd7c"},
    {file = "PyYAML-6.0-cp37-cp37m-manylinux_2_17_aarch64.manylinux2014_aarch64.whl", hash = "sha256:473f9edb243cb1935ab5a084eb238d842fb8f404ed2193a915d1784b5a6b5fc0"},
    {file = "PyYAML-6.0-cp37-cp37m-manylinux_2_17_s390x.manylinux2014_s390x.whl", hash = "sha256:0ce82d761c532fe4ec3f87fc45688bdd3a4c1dc5e0b4a19814b9009a29baefd4"},
    {file = "PyYAML-6.0-cp37-cp37m-manylinux_2_5_x86_64.manylinux1_x86_64.manylinux_2_12_x86_64.manylinux2010_x86_64.whl", hash = "sha256:231710d57adfd809ef5d34183b8ed1eeae3f76459c18fb4a0b373ad56bedcdd9"},
    {file = "PyYAML-6.0-cp37-cp37m-win32.whl", hash = "sha256:c5687b8d43cf58545ade1fe3e055f70eac7a5a1a0bf42824308d868289a95737"},
    {file = "PyYAML-6.0-cp37-cp37m-win_amd64.whl", hash = "sha256:d15a181d1ecd0d4270dc32edb46f7cb7733c7c508857278d3d378d14d606db2d"},
    {file = "PyYAML-6.0-cp38-cp38-macosx_10_9_x86_64.whl", hash = "sha256:0b4624f379dab24d3725ffde76559cff63d9ec94e1736b556dacdfebe5ab6d4b"},
    {file = "PyYAML-6.0-cp38-cp38-manylinux_2_17_aarch64.manylinux2014_aarch64.whl", hash = "sha256:213c60cd50106436cc818accf5baa1aba61c0189ff610f64f4a3e8c6726218ba"},
    {file = "PyYAML-6.0-cp38-cp38-manylinux_2_17_s390x.manylinux2014_s390x.whl", hash = "sha256:9fa600030013c4de8165339db93d182b9431076eb98eb40ee068700c9c813e34"},
    {file = "PyYAML-6.0-cp38-cp38-manylinux_2_5_x86_64.manylinux1_x86_64.manylinux_2_12_x86_64.manylinux2010_x86_64.whl", hash = "sha256:277a0ef2981ca40581a47093e9e2d13b3f1fbbeffae064c1d21bfceba2030287"},
    {file = "PyYAML-6.0-cp38-cp38-win32.whl", hash = "sha256:d4eccecf9adf6fbcc6861a38015c2a64f38b9d94838ac1810a9023a0609e1b78"},
    {file = "PyYAML-6.0-cp38-cp38-win_amd64.whl", hash = "sha256:1e4747bc279b4f613a09eb64bba2ba602d8a6664c6ce6396a4d0cd413a50ce07"},
    {file = "PyYAML-6.0-cp39-cp39-macosx_10_9_x86_64.whl", hash = "sha256:055d937d65826939cb044fc8c9b08889e8c743fdc6a32b33e2390f66013e449b"},
    {file = "PyYAML-6.0-cp39-cp39-macosx_11_0_arm64.whl", hash = "sha256:e61ceaab6f49fb8bdfaa0f92c4b57bcfbea54c09277b1b4f7ac376bfb7a7c174"},
    {file = "PyYAML-6.0-cp39-cp39-manylinux_2_17_aarch64.manylinux2014_aarch64.whl", hash = "sha256:d67d839ede4ed1b28a4e8909735fc992a923cdb84e618544973d7dfc71540803"},
    {file = "PyYAML-6.0-cp39-cp39-manylinux_2_17_s390x.manylinux2014_s390x.whl", hash = "sha256:cba8c411ef271aa037d7357a2bc8f9ee8b58b9965831d9e51baf703280dc73d3"},
    {file = "PyYAML-6.0-cp39-cp39-manylinux_2_5_x86_64.manylinux1_x86_64.manylinux_2_12_x86_64.manylinux2010_x86_64.whl", hash = "sha256:40527857252b61eacd1d9af500c3337ba8deb8fc298940291486c465c8b46ec0"},
    {file = "PyYAML-6.0-cp39-cp39-win32.whl", hash = "sha256:b5b9eccad747aabaaffbc6064800670f0c297e52c12754eb1d976c57e4f74dcb"},
    {file = "PyYAML-6.0-cp39-cp39-win_amd64.whl", hash = "sha256:b3d267842bf12586ba6c734f89d1f5b871df0273157918b0ccefa29deb05c21c"},
    {file = "PyYAML-6.0.tar.gz", hash = "sha256:68fb519c14306fec9720a2a5b45bc9f0c8d1b9c72adf45c37baedfcd949c35a2"},
]
six = [
    {file = "six-1.11.0-py2.py3-none-any.whl", hash = "sha256:832dc0e10feb1aa2c68dcc57dbb658f1c7e65b9b61af69048abc87a2db00a0eb"},
    {file = "six-1.11.0.tar.gz", hash = "sha256:70e8a77beed4562e7f14fe23a786b54f6296e34344c23bc42f07b15018ff98e9"},
]
toml = [
    {file = "toml-0.10.2-py2.py3-none-any.whl", hash = "sha256:806143ae5bfb6a3c6e736a764057db0e6a0e05e338b5630894a5f779cabb4f9b"},
    {file = "toml-0.10.2.tar.gz", hash = "sha256:b3bda1d108d5dd99f4a20d24d9c348e91c4db7ab1b749200bded2f839ccbe68f"},
]
typed-ast = [
    {file = "typed-ast-1.1.0.tar.gz", hash = "sha256:57fe287f0cdd9ceaf69e7b71a2e94a24b5d268b35df251a88fef5cc241bf73aa"},
    {file = "typed_ast-1.1.0-cp33-cp33m-manylinux1_i686.whl", hash = "sha256:0948004fa228ae071054f5208840a1e88747a357ec1101c17217bfe99b299d58"},
    {file = "typed_ast-1.1.0-cp33-cp33m-manylinux1_x86_64.whl", hash = "sha256:25d8feefe27eb0303b73545416b13d108c6067b846b543738a25ff304824ed9a"},
    {file = "typed_ast-1.1.0-cp33-cp33m-win32.whl", hash = "sha256:c05b41bc1deade9f90ddc5d988fe506208019ebba9f2578c622516fd201f5863"},
    {file = "typed_ast-1.1.0-cp33-cp33m-win_amd64.whl", hash = "sha256:519425deca5c2b2bdac49f77b2c5625781abbaf9a809d727d3a5596b30bb4ded"},
    {file = "typed_ast-1.1.0-cp34-cp34m-manylinux1_i686.whl", hash = "sha256:6de012d2b166fe7a4cdf505eee3aaa12192f7ba365beeefaca4ec10e31241a85"},
    {file = "typed_ast-1.1.0-cp34-cp34m-manylinux1_x86_64.whl", hash = "sha256:79b91ebe5a28d349b6d0d323023350133e927b4de5b651a8aa2db69c761420c6"},
    {file = "typed_ast-1.1.0-cp34-cp34m-win32.whl", hash = "sha256:a8034021801bc0440f2e027c354b4eafd95891b573e12ff0418dec385c76785c"},
    {file = "typed_ast-1.1.0-cp34-cp34m-win_amd64.whl", hash = "sha256:f19f2a4f547505fe9072e15f6f4ae714af51b5a681a97f187971f50c283193b6"},
    {file = "typed_ast-1.1.0-cp35-cp35m-manylinux1_i686.whl", hash = "sha256:c9b060bd1e5a26ab6e8267fd46fc9e02b54eb15fffb16d112d4c7b1c12987559"},
    {file = "typed_ast-1.1.0-cp35-cp35m-manylinux1_x86_64.whl", hash = "sha256:2e214b72168ea0275efd6c884b114ab42e316de3ffa125b267e732ed2abda892"},
    {file = "typed_ast-1.1.0-cp35-cp35m-win32.whl", hash = "sha256:bc978ac17468fe868ee589c795d06777f75496b1ed576d308002c8a5756fb9ea"},
    {file = "typed_ast-1.1.0-cp35-cp35m-win_amd64.whl", hash = "sha256:edb04bdd45bfd76c8292c4d9654568efaedf76fe78eb246dde69bdb13b2dad87"},
    {file = "typed_ast-1.1.0-cp36-cp36m-macosx_10_11_x86_64.whl", hash = "sha256:668d0cec391d9aed1c6a388b0d5b97cd22e6073eaa5fbaa6d2946603b4871efe"},
    {file = "typed_ast-1.1.0-cp36-cp36m-manylinux1_i686.whl", hash = "sha256:29464a177d56e4e055b5f7b629935af7f49c196be47528cc94e0a7bf83fbc2b9"},
    {file = "typed_ast-1.1.0-cp36-cp36m-manylinux1_x86_64.whl", hash = "sha256:8550177fa5d4c1f09b5e5f524411c44633c80ec69b24e0e98906dd761941ca46"},
    {file = "typed_ast-1.1.0-cp36-cp36m-win32.whl", hash = "sha256:3e0d5e48e3a23e9a4d1a9f698e32a542a4a288c871d33ed8df1b092a40f3a0f9"},
    {file = "typed_ast-1.1.0-cp36-cp36m-win_amd64.whl", hash = "sha256:68ba70684990f59497680ff90d18e756a47bf4863c604098f10de9716b2c0bdd"},
    {file = "typed_ast-1.1.0-cp37-cp37m-macosx_10_9_x86_64.whl", hash = "sha256:898f818399cafcdb93cbbe15fc83a33d05f18e29fb498ddc09b0214cdfc7cd51"},
    {file = "typed_ast-1.1.0-cp37-cp37m-manylinux1_i686.whl", hash = "sha256:1f6c4bd0bdc0f14246fd41262df7dfc018d65bb05f6e16390b7ea26ca454a291"},
    {file = "typed_ast-1.1.0-cp37-cp37m-manylinux1_x86_64.whl", hash = "sha256:a26863198902cda15ab4503991e8cf1ca874219e0118cbf07c126bce7c4db129"},
    {file = "typed_ast-1.1.0-cp37-cp37m-win32.whl", hash = "sha256:94b091dc0f19291adcb279a108f5d38de2430411068b219f41b343c03b28fb1f"},
    {file = "typed_ast-1.1.0-cp37-cp37m-win_amd64.whl", hash = "sha256:10703d3cec8dcd9eef5a630a04056bbc898abc19bac5691612acba7d1325b66d"},
]
typing-extensions = [
    {file = "typing_extensions-4.2.0-py3-none-any.whl", hash = "sha256:6657594ee297170d19f67d55c05852a874e7eb634f4f753dbd667855e07c1708"},
    {file = "typing_extensions-4.2.0.tar.gz", hash = "sha256:f1c24655a0da0d1b67f07e17a5e6b2a105894e6824b92096378bb3668ef02376"},
]
virtualenv = [
    {file = "virtualenv-20.14.1-py2.py3-none-any.whl", hash = "sha256:e617f16e25b42eb4f6e74096b9c9e37713cf10bf30168fb4a739f3fa8f898a3a"},
    {file = "virtualenv-20.14.1.tar.gz", hash = "sha256:ef589a79795589aada0c1c5b319486797c03b67ac3984c48c669c0e4f50df3a5"},
]
wcwidth = [
    {file = "wcwidth-0.1.7-py2.py3-none-any.whl", hash = "sha256:f4ebe71925af7b40a864553f761ed559b43544f8f71746c2d756c7fe788ade7c"},
    {file = "wcwidth-0.1.7.tar.gz", hash = "sha256:3df37372226d6e63e1b1e1eda15c594bca98a22d33a23832a90998faa96bc65e"},
]
zipp = [
    {file = "zipp-3.8.0-py3-none-any.whl", hash = "sha256:c4f6e5bbf48e74f7a38e7cc5b0480ff42b0ae5178957d564d18932525d5cf099"},
    {file = "zipp-3.8.0.tar.gz", hash = "sha256:56bf8aadb83c24db6c4b577e13de374ccfb67da2078beba1d037c17980bf43ad"},
]
